{
  "name": "OEPM_System",
  "lockfileVersion": 3,
  "requires": true,
  "packages": {
    "": {
      "devDependencies": {
        "@types/aos": "^3.0.7"
      }
    },
    "node_modules/@types/aos": {
      "version": "3.0.7",
      "resolved": "https://registry.npmjs.org/@types/aos/-/aos-3.0.7.tgz",
      "integrity": "sha512-sEhyFqvKauUJZDbvAB3Pggynrq6g+2PS4XB3tmUr+mDL1gfDJnwslUC4QQ7/l8UD+LWpr3RxZVR/rHoZrLqZVg==",
      "dev": true
    }
  }
}
